
Microsoft Visual Studio Solution File, Format Version 12.00
# Visual Studio Version 16
VisualStudioVersion = 16.0.30503.244
MinimumVisualStudioVersion = 10.0.40219.1
Project("{FAE04EC0-301F-11D3-BF4B-00C04F79EFBC}") = "Laba6", "Laba6\Laba6.csproj", "{A7AD5ACA-85D0-43C7-8867-B34328A98070}"
EndProject
Global
	GlobalSection(SolutionConfigurationPlatforms) = preSolution
		Debug|Any CPU = Debug|Any CPU
		Release|Any CPU = Release|Any CPU
	EndGlobalSection
	GlobalSection(ProjectConfigurationPlatforms) = postSolution
		{A7AD5ACA-85D0-43C7-8867-B34328A98070}.Debug|Any CPU.ActiveCfg = Debug|Any CPU
		{A7AD5ACA-85D0-43C7-8867-B34328A98070}.Debug|Any CPU.Build.0 = Debug|Any CPU
		{A7AD5ACA-85D0-43C7-8867-B34328A98070}.Release|Any CPU.ActiveCfg = Release|Any CPU
		{A7AD5ACA-85D0-43C7-8867-B34328A98070}.Release|Any CPU.Build.0 = Release|Any CPU
	EndGlobalSection
	GlobalSection(SolutionProperties) = preSolution
		HideSolutionNode = FALSE
	EndGlobalSection
	GlobalSection(ExtensibilityGlobals) = postSolution
		SolutionGuid = {81D2BB53-4ABC-4A37-BAC7-0FE341DB35A0}
	EndGlobalSection
EndGlobal
